
Microsoft Visual Studio Solution File, Format Version 12.00
# Visual Studio Version 16
VisualStudioVersion = 16.0.29123.88
MinimumVisualStudioVersion = 10.0.40219.1
Project("{FAE04EC0-301F-11D3-BF4B-00C04F79EFBC}") = "DecisionMakerApp", "DecisionMakerApp\DecisionMakerApp.csproj", "{F7A87EBF-EE94-43AC-9593-06BE05A4DF92}"
EndProject
Global
	GlobalSection(SolutionConfigurationPlatforms) = preSolution
		Debug|Any CPU = Debug|Any CPU
		Release|Any CPU = Release|Any CPU
	EndGlobalSection
	GlobalSection(ProjectConfigurationPlatforms) = postSolution
		{F7A87EBF-EE94-43AC-9593-06BE05A4DF92}.Debug|Any CPU.ActiveCfg = Debug|Any CPU
		{F7A87EBF-EE94-43AC-9593-06BE05A4DF92}.Debug|Any CPU.Build.0 = Debug|Any CPU
		{F7A87EBF-EE94-43AC-9593-06BE05A4DF92}.Release|Any CPU.ActiveCfg = Release|Any CPU
		{F7A87EBF-EE94-43AC-9593-06BE05A4DF92}.Release|Any CPU.Build.0 = Release|Any CPU
	EndGlobalSection
	GlobalSection(SolutionProperties) = preSolution
		HideSolutionNode = FALSE
	EndGlobalSection
	GlobalSection(ExtensibilityGlobals) = postSolution
		SolutionGuid = {7B9F5400-9F7A-4713-A21C-6981BB444DE4}
	EndGlobalSection
EndGlobal
